PODS:
  - Flutter (1.0.0)
  - three_js_sensors (0.2.0):
    - Flutter

DEPENDENCIES:
  - Flutter (from `Flutter`)
  - three_js_sensors (from `.symlinks/plugins/three_js_sensors/ios`)

EXTERNAL SOURCES:
  Flutter:
    :path: Flutter
  three_js_sensors:
    :path: ".symlinks/plugins/three_js_sensors/ios"

SPEC CHECKSUMS:
  Flutter: cabc95a1d2626b1b06e7179b784ebcf0c0cde467
  three_js_sensors: 588c345b9ae356162449f14d11f7d1cf49a713d0

PODFILE CHECKSUM: 251cb053df7158f337c0712f2ab29f4e0fa474ce

COCOAPODS: 1.16.2
